
Microsoft Visual Studio Solution File, Format Version 12.00
# Visual Studio Version 17
VisualStudioVersion = 17.8.34330.188
MinimumVisualStudioVersion = 10.0.40219.1
Project("{FAE04EC0-301F-11D3-BF4B-00C04F79EFBC}") = "PortfolioStatic", "PortfolioStatic\PortfolioStatic.csproj", "{9713C54B-BAC8-4958-BAE5-470F74BFD080}"
EndProject
Global
	GlobalSection(SolutionConfigurationPlatforms) = preSolution
		Debug|Any CPU = Debug|Any CPU
		Release|Any CPU = Release|Any CPU
	EndGlobalSection
	GlobalSection(ProjectConfigurationPlatforms) = postSolution
		{9713C54B-BAC8-4958-BAE5-470F74BFD080}.Debug|Any CPU.ActiveCfg = Debug|Any CPU
		{9713C54B-BAC8-4958-BAE5-470F74BFD080}.Debug|Any CPU.Build.0 = Debug|Any CPU
		{9713C54B-BAC8-4958-BAE5-470F74BFD080}.Release|Any CPU.ActiveCfg = Release|Any CPU
		{9713C54B-BAC8-4958-BAE5-470F74BFD080}.Release|Any CPU.Build.0 = Release|Any CPU
	EndGlobalSection
	GlobalSection(SolutionProperties) = preSolution
		HideSolutionNode = FALSE
	EndGlobalSection
	GlobalSection(ExtensibilityGlobals) = postSolution
		SolutionGuid = {EA77B979-E69B-4B25-938E-72BF0D084A22}
	EndGlobalSection
EndGlobal
